
Microsoft Visual Studio Solution File, Format Version 12.00
# Visual Studio Version 17
VisualStudioVersion = 17.7.33711.374
MinimumVisualStudioVersion = 10.0.40219.1
Project("{8BC9CEB8-8B4A-11D0-8D11-00A0C91BC942}") = "hardware_bypass", "hardware_bypass\hardware_bypass.vcxproj", "{44D98EAF-9E1C-4392-802B-D2CA5DC5D3C0}"
EndProject
Global
	GlobalSection(SolutionConfigurationPlatforms) = preSolution
		Debug|x64 = Debug|x64
		Debug|x86 = Debug|x86
		Release|x64 = Release|x64
		Release|x86 = Release|x86
	EndGlobalSection
	GlobalSection(ProjectConfigurationPlatforms) = postSolution
		{44D98EAF-9E1C-4392-802B-D2CA5DC5D3C0}.Debug|x64.ActiveCfg = Debug|x64
		{44D98EAF-9E1C-4392-802B-D2CA5DC5D3C0}.Debug|x64.Build.0 = Debug|x64
		{44D98EAF-9E1C-4392-802B-D2CA5DC5D3C0}.Debug|x86.ActiveCfg = Debug|Win32
		{44D98EAF-9E1C-4392-802B-D2CA5DC5D3C0}.Debug|x86.Build.0 = Debug|Win32
		{44D98EAF-9E1C-4392-802B-D2CA5DC5D3C0}.Release|x64.ActiveCfg = Release|x64
		{44D98EAF-9E1C-4392-802B-D2CA5DC5D3C0}.Release|x64.Build.0 = Release|x64
		{44D98EAF-9E1C-4392-802B-D2CA5DC5D3C0}.Release|x86.ActiveCfg = Release|Win32
		{44D98EAF-9E1C-4392-802B-D2CA5DC5D3C0}.Release|x86.Build.0 = Release|Win32
	EndGlobalSection
	GlobalSection(SolutionProperties) = preSolution
		HideSolutionNode = FALSE
	EndGlobalSection
	GlobalSection(ExtensibilityGlobals) = postSolution
		SolutionGuid = {B2556CED-9D3C-415F-91A5-0F2D88A20910}
	EndGlobalSection
EndGlobal
